
Microsoft Visual Studio Solution File, Format Version 12.00
# Visual Studio 2012
Project("{FAE04EC0-301F-11D3-BF4B-00C04F79EFBC}") = "SharpBox", "SharpBox\SharpBox.csproj", "{408AFEFA-92FA-4A74-819D-4993D49E908B}"
EndProject
Project("{FAE04EC0-301F-11D3-BF4B-00C04F79EFBC}") = "AppLimit.CloudComputing.SharpBox", "AppLimit.CloudComputing.SharpBox\AppLimit.CloudComputing.SharpBox.csproj", "{5B779AE9-72B6-4B7E-88B7-47227B92112A}"
EndProject
Project("{FAE04EC0-301F-11D3-BF4B-00C04F79EFBC}") = "AppLimit.CloudComputing.SharpBox.ExperimentalProvider", "AppLimit.CloudComputing.SharpBox.ExperimentalProvider\AppLimit.CloudComputing.SharpBox.ExperimentalProvider.csproj", "{15349636-E126-4B4E-9D13-3D0BF2D59B0E}"
EndProject
Project("{FAE04EC0-301F-11D3-BF4B-00C04F79EFBC}") = "AppLimit.CloudComputing.SharpBox.MockProvider", "AppLimit.CloudComputing.SharpBox.MockProvider\AppLimit.CloudComputing.SharpBox.MockProvider.csproj", "{9A95D1F0-BFCA-4654-90AC-9E80B4930A5B}"
EndProject
Global
	GlobalSection(SolutionConfigurationPlatforms) = preSolution
		Debug|Any CPU = Debug|Any CPU
		Release|Any CPU = Release|Any CPU
	EndGlobalSection
	GlobalSection(ProjectConfigurationPlatforms) = postSolution
		{408AFEFA-92FA-4A74-819D-4993D49E908B}.Debug|Any CPU.ActiveCfg = Debug|Any CPU
		{408AFEFA-92FA-4A74-819D-4993D49E908B}.Debug|Any CPU.Build.0 = Debug|Any CPU
		{408AFEFA-92FA-4A74-819D-4993D49E908B}.Release|Any CPU.ActiveCfg = Release|Any CPU
		{408AFEFA-92FA-4A74-819D-4993D49E908B}.Release|Any CPU.Build.0 = Release|Any CPU
		{5B779AE9-72B6-4B7E-88B7-47227B92112A}.Debug|Any CPU.ActiveCfg = Release|Any CPU
		{5B779AE9-72B6-4B7E-88B7-47227B92112A}.Debug|Any CPU.Build.0 = Release|Any CPU
		{5B779AE9-72B6-4B7E-88B7-47227B92112A}.Release|Any CPU.ActiveCfg = Release|Any CPU
		{5B779AE9-72B6-4B7E-88B7-47227B92112A}.Release|Any CPU.Build.0 = Release|Any CPU
		{15349636-E126-4B4E-9D13-3D0BF2D59B0E}.Debug|Any CPU.ActiveCfg = Release|Any CPU
		{15349636-E126-4B4E-9D13-3D0BF2D59B0E}.Debug|Any CPU.Build.0 = Release|Any CPU
		{15349636-E126-4B4E-9D13-3D0BF2D59B0E}.Release|Any CPU.ActiveCfg = Release|Any CPU
		{15349636-E126-4B4E-9D13-3D0BF2D59B0E}.Release|Any CPU.Build.0 = Release|Any CPU
		{9A95D1F0-BFCA-4654-90AC-9E80B4930A5B}.Debug|Any CPU.ActiveCfg = Release|Any CPU
		{9A95D1F0-BFCA-4654-90AC-9E80B4930A5B}.Debug|Any CPU.Build.0 = Release|Any CPU
		{9A95D1F0-BFCA-4654-90AC-9E80B4930A5B}.Release|Any CPU.ActiveCfg = Release|Any CPU
		{9A95D1F0-BFCA-4654-90AC-9E80B4930A5B}.Release|Any CPU.Build.0 = Release|Any CPU
	EndGlobalSection
	GlobalSection(SolutionProperties) = preSolution
		HideSolutionNode = FALSE
	EndGlobalSection
EndGlobal
